uuid: 30fea8c1-981a-413f-8a09-bae5f7b485bb
langcode: en
status: true
dependencies:
  content:
    - 'block_content:side_block:12a2128c-18cc-4a38-8721-f21e699f2634'
  module:
    - block_content
  theme:
    - olivero
id: sideblock
theme: olivero
region: sidebar
weight: 0
provider: null
plugin: 'block_content:12a2128c-18cc-4a38-8721-f21e699f2634'
settings:
  id: 'block_content:12a2128c-18cc-4a38-8721-f21e699f2634'
  label: 'side block'
  label_display: visible
  provider: block_content
  status: true
  info: ''
  view_mode: full
visibility: {  }
