uuid: 44dbc618-fc69-4d33-a2af-a8f03fd9a50a
langcode: en
status: true
dependencies:
  config:
    - block_content.type.side_block
    - field.storage.block_content.field_side_block
    - paragraphs.paragraphs_type.side_block
  module:
    - entity_reference_revisions
id: block_content.side_block.field_side_block
field_name: field_side_block
entity_type: block_content
bundle: side_block
label: 'side block'
description: ''
required: false
translatable: false
default_value: {  }
default_value_callback: ''
settings:
  handler: 'default:paragraph'
  handler_settings:
    target_bundles:
      side_block: side_block
    negate: 0
    target_bundles_drag_drop:
      alumni_speak:
        weight: 7
        enabled: false
      news_events:
        weight: 8
        enabled: false
      news_events_view_more:
        weight: 9
        enabled: false
      our_top_recruiter:
        weight: 10
        enabled: false
      side_block:
        weight: 11
        enabled: true
      student_life:
        weight: 12
        enabled: false
field_type: entity_reference_revisions
