uuid: e7a96cbf-17fc-4eb6-bddb-e30320e816c3
langcode: en
status: true
dependencies:
  module:
    - block_content
    - entity_reference_revisions
    - paragraphs
id: block_content.field_side_block
field_name: field_side_block
entity_type: block_content
type: entity_reference_revisions
settings:
  target_type: paragraph
module: entity_reference_revisions
locked: false
cardinality: -1
translatable: true
indexes: {  }
persist_with_no_fields: false
custom_storage: false
