uuid: 572dac80-4ca5-4668-be7a-b7e8564b8fcb
langcode: en
status: true
dependencies:
  module:
    - serialization
    - side_block
    - user
id: custom_get_side_block
plugin_id: custom_get_side_block
granularity: resource
configuration:
  methods:
    - GET
  formats:
    - json
  authentication:
    - cookie
